
Microsoft Visual Studio Solution File, Format Version 12.00
# Visual Studio Version 17
VisualStudioVersion = 17.0.31903.59
MinimumVisualStudioVersion = 10.0.40219.1
Project("{9A19103F-16F7-4668-BE54-9A1E7A4F7556}") = "Restaurants.API", "Restaurants.API\Restaurants.API.csproj", "{CC609C54-C9CE-4C7D-9B72-8134F60DA45C}"
EndProject
Project("{9A19103F-16F7-4668-BE54-9A1E7A4F7556}") = "Restaurants.Application", "Restaurants.Application\Restaurants.Application.csproj", "{60512FC2-FEC6-4C75-A091-9029047B5CD4}"
EndProject
Project("{9A19103F-16F7-4668-BE54-9A1E7A4F7556}") = "Restaurnats.Domain", "Restaurnats.Domain\Restaurnats.Domain.csproj", "{B0AEC288-507C-4CB8-AF2B-CBAB6D40EB6A}"
EndProject
Project("{9A19103F-16F7-4668-BE54-9A1E7A4F7556}") = "Restaurants.Infrastructure", "Restaurants.Infrastructure\Restaurants.Infrastructure.csproj", "{6D6359F9-CFB4-4DDE-8C63-18609049C225}"
EndProject
Global
	GlobalSection(SolutionConfigurationPlatforms) = preSolution
		Debug|Any CPU = Debug|Any CPU
		Release|Any CPU = Release|Any CPU
	EndGlobalSection
	GlobalSection(ProjectConfigurationPlatforms) = postSolution
		{CC609C54-C9CE-4C7D-9B72-8134F60DA45C}.Debug|Any CPU.ActiveCfg = Debug|Any CPU
		{CC609C54-C9CE-4C7D-9B72-8134F60DA45C}.Debug|Any CPU.Build.0 = Debug|Any CPU
		{CC609C54-C9CE-4C7D-9B72-8134F60DA45C}.Release|Any CPU.ActiveCfg = Release|Any CPU
		{CC609C54-C9CE-4C7D-9B72-8134F60DA45C}.Release|Any CPU.Build.0 = Release|Any CPU
		{60512FC2-FEC6-4C75-A091-9029047B5CD4}.Debug|Any CPU.ActiveCfg = Debug|Any CPU
		{60512FC2-FEC6-4C75-A091-9029047B5CD4}.Debug|Any CPU.Build.0 = Debug|Any CPU
		{60512FC2-FEC6-4C75-A091-9029047B5CD4}.Release|Any CPU.ActiveCfg = Release|Any CPU
		{60512FC2-FEC6-4C75-A091-9029047B5CD4}.Release|Any CPU.Build.0 = Release|Any CPU
		{B0AEC288-507C-4CB8-AF2B-CBAB6D40EB6A}.Debug|Any CPU.ActiveCfg = Debug|Any CPU
		{B0AEC288-507C-4CB8-AF2B-CBAB6D40EB6A}.Debug|Any CPU.Build.0 = Debug|Any CPU
		{B0AEC288-507C-4CB8-AF2B-CBAB6D40EB6A}.Release|Any CPU.ActiveCfg = Release|Any CPU
		{B0AEC288-507C-4CB8-AF2B-CBAB6D40EB6A}.Release|Any CPU.Build.0 = Release|Any CPU
		{6D6359F9-CFB4-4DDE-8C63-18609049C225}.Debug|Any CPU.ActiveCfg = Debug|Any CPU
		{6D6359F9-CFB4-4DDE-8C63-18609049C225}.Debug|Any CPU.Build.0 = Debug|Any CPU
		{6D6359F9-CFB4-4DDE-8C63-18609049C225}.Release|Any CPU.ActiveCfg = Release|Any CPU
		{6D6359F9-CFB4-4DDE-8C63-18609049C225}.Release|Any CPU.Build.0 = Release|Any CPU
	EndGlobalSection
	GlobalSection(SolutionProperties) = preSolution
		HideSolutionNode = FALSE
	EndGlobalSection
	GlobalSection(ExtensibilityGlobals) = postSolution
		SolutionGuid = {B6A5A85D-CAFE-4A88-B016-8B3ED460B0B0}
	EndGlobalSection
EndGlobal
